{
  "name": "bento-editor",
  "version": "0.0.1",
  "lockfileVersion": 2,
  "requires": true,
  "packages": {
    "": {
      "name": "bento-editor",
      "version": "0.0.1",
      "license": "MIT",
      "workspaces": [
        "workspaces/*",
        "examples/*"
      ],
      "devDependencies": {
        "typescript": "^4.7.3"
      }
    },
    "examples/blog": {
      "name": "@bento-editor/example-blog",
      "version": "0.0.1",
      "license": "MIT"
    },
    "examples/commerce": {
      "name": "@bento-editor/example-commerce",
      "version": "0.0.1",
      "license": "MIT"
    },
    "examples/simple": {
      "name": "@bento-editor/example-simple",
      "version": "0.0.1",
      "license": "MIT"
    },
    "node_modules/@bento-editor/app": {
      "resolved": "workspaces/app",
      "link": true
    },
    "node_modules/@bento-editor/core": {
      "resolved": "workspaces/core",
      "link": true
    },
    "node_modules/@bento-editor/example-blog": {
      "resolved": "examples/blog",
      "link": true
    },
    "node_modules/@bento-editor/example-commerce": {
      "resolved": "examples/commerce",
      "link": true
    },
    "node_modules/@bento-editor/example-simple": {
      "resolved": "examples/simple",
      "link": true
    },
    "node_modules/@bento-editor/obsd-editor": {
      "resolved": "workspaces/obsd-editor",
      "link": true
    },
    "node_modules/@bento-editor/obsd-generator": {
      "resolved": "workspaces/obsd-generator",
      "link": true
    },
    "node_modules/@bento-editor/obsd-validator": {
      "resolved": "workspaces/obsd-validator",
      "link": true
    },
    "node_modules/@bento-editor/shared": {
      "resolved": "workspaces/shared",
      "link": true
    },
    "node_modules/@bento-editor/website": {
      "resolved": "workspaces/website",
      "link": true
    },
    "node_modules/typescript": {
      "version": "4.7.3",
      "resolved": "https://registry.npmjs.org/typescript/-/typescript-4.7.3.tgz",
      "integrity": "sha512-WOkT3XYvrpXx4vMMqlD+8R8R37fZkjyLGlxavMc4iB8lrl8L0DeTcHbYgw/v0N/z9wAFsgBhcsF0ruoySS22mA==",
      "dev": true,
      "bin": {
        "tsc": "bin/tsc",
        "tsserver": "bin/tsserver"
      },
      "engines": {
        "node": ">=4.2.0"
      }
    },
    "workspaces/app": {
      "name": "@bento-editor/app",
      "version": "0.0.1",
      "license": "MIT"
    },
    "workspaces/core": {
      "name": "@bento-editor/core",
      "version": "0.0.1",
      "license": "MIT"
    },
    "workspaces/obsd-editor": {
      "name": "@bento-editor/obsd-editor",
      "version": "0.0.1",
      "license": "MIT"
    },
    "workspaces/obsd-generator": {
      "name": "@bento-editor/obsd-generator",
      "version": "0.0.1",
      "license": "MIT"
    },
    "workspaces/obsd-validator": {
      "name": "@bento-editor/obsd-validator",
      "version": "0.0.1",
      "license": "MIT"
    },
    "workspaces/shared": {
      "name": "@bento-editor/shared",
      "version": "0.0.1",
      "license": "MIT"
    },
    "workspaces/website": {
      "name": "@bento-editor/website",
      "version": "0.0.1",
      "license": "MIT"
    }
  },
  "dependencies": {
    "@bento-editor/app": {
      "version": "file:workspaces/app"
    },
    "@bento-editor/core": {
      "version": "file:workspaces/core"
    },
    "@bento-editor/example-blog": {
      "version": "file:examples/blog"
    },
    "@bento-editor/example-commerce": {
      "version": "file:examples/commerce"
    },
    "@bento-editor/example-simple": {
      "version": "file:examples/simple"
    },
    "@bento-editor/obsd-editor": {
      "version": "file:workspaces/obsd-editor"
    },
    "@bento-editor/obsd-generator": {
      "version": "file:workspaces/obsd-generator"
    },
    "@bento-editor/obsd-validator": {
      "version": "file:workspaces/obsd-validator"
    },
    "@bento-editor/shared": {
      "version": "file:workspaces/shared"
    },
    "@bento-editor/website": {
      "version": "file:workspaces/website"
    },
    "typescript": {
      "version": "4.7.3",
      "resolved": "https://registry.npmjs.org/typescript/-/typescript-4.7.3.tgz",
      "integrity": "sha512-WOkT3XYvrpXx4vMMqlD+8R8R37fZkjyLGlxavMc4iB8lrl8L0DeTcHbYgw/v0N/z9wAFsgBhcsF0ruoySS22mA==",
      "dev": true
    }
  }
}
